PackratFormat: 1.4
PackratVersion: 0.5.0
RVersion: 3.4.4
Repos: CRAN=https://cloud.r-project.org

Package: R6
Source: CRAN
Version: 2.3.0
Hash: 8eccabbf292b5aba632985cde6406fc3

Package: RColorBrewer
Source: CRAN
Version: 1.1-2
Hash: c0d56cd15034f395874c870141870c25

Package: Rcpp
Source: CRAN
Version: 0.12.19
Hash: fdff9c3aa69adac28cd5c45cd250c9da

Package: askpass
Source: CRAN
Version: 1.1
Hash: 6f6c430e3cd0dd7d48f447700f4d7e7f
Requires: sys

Package: assertthat
Source: CRAN
Version: 0.2.0
Hash: e8805df54c65ac96d50235c44a82615c

Package: backports
Source: CRAN
Version: 1.1.3
Hash: a0b8191e6bd2fe71aadd4678bb8f3c98

Package: callr
Source: CRAN
Version: 3.1.1
Hash: 461cdebafe2c1cfc23ddc37527633185
Requires: R6, processx

Package: cli
Source: CRAN
Version: 1.0.0
Hash: f4239f89feb7ddc65821e4514e9734ae
Requires: assertthat, crayon

Package: clipr
Source: CRAN
Version: 0.5.0
Hash: 9d588163f9234a17c6ad03d148db999d

Package: clisymbols
Source: CRAN
Version: 1.2.0
Hash: a76a309884277a4fd8a5d741965fbef5

Package: colorspace
Source: CRAN
Version: 1.3-2
Hash: 0bf8618b585fa98eb23414cd3ab95118

Package: crayon
Source: CRAN
Version: 1.3.4
Hash: ff2840dd9b0d563fc80377a5a45510cd

Package: curl
Source: CRAN
Version: 3.3
Hash: b201f64e6e1469e8a3571c746ffa9059

Package: desc
Source: CRAN
Version: 1.2.0
Hash: a0a3ca939997679a52816bae4ed6aaae
Requires: R6, assertthat, crayon, rprojroot

Package: devtools
Source: CRAN
Version: 2.0.1
Hash: 4da83470ae57bd2db0ac06e91b1d3a08
Requires: callr, cli, digest, git2r, httr, jsonlite, memoise, pkgbuild,
    pkgload, rcmdcheck, remotes, rstudioapi, sessioninfo, usethis,
    withr

Package: dichromat
Source: CRAN
Version: 2.0-0
Hash: 08eed0c80510af29bb15f840ccfe37ce

Package: digest
Source: CRAN
Version: 0.6.18
Hash: 65f62365ec69ddd17230d2ffe891a6ab

Package: fs
Source: CRAN
Version: 1.2.6
Hash: 8ebaba45e83860e9575a002c84dc245a
Requires: Rcpp

Package: ggplot2
Source: CRAN
Version: 2.2.1
Hash: 46e5cb78836848aa44655e577433f54b
Requires: digest, gtable, lazyeval, plyr, reshape2, scales, tibble

Package: gh
Source: CRAN
Version: 1.0.1
Hash: 3f8812accd1320227d744bca620e8c42
Requires: httr, ini, jsonlite

Package: git2r
Source: CRAN
Version: 0.24.0
Hash: c0f2721353aeed78bbc579bfeda4be40

Package: glue
Source: CRAN
Version: 1.3.0
Hash: 1fbde6dec830370be696eee8ef31c9e4

Package: gtable
Source: CRAN
Version: 0.2.0
Hash: cd78381a9d3fea966ac39bd0daaf5554

Package: httr
Source: CRAN
Version: 1.4.0
Hash: 62d62d3ffcc9a34411b6e35a813f72dd
Requires: R6, curl, jsonlite, mime, openssl

Package: ini
Source: CRAN
Version: 0.3.1
Hash: 9d6de5178c1cedabfb24e7d2acc9a092

Package: jsonlite
Source: CRAN
Version: 1.6
Hash: 5f969e213e966135393e3e304abf3f49

Package: labeling
Source: CRAN
Version: 0.3
Hash: ecf589b42cd284b03a4beb9665482d3e

Package: lazyeval
Source: CRAN
Version: 0.2.1
Hash: 88926ad9c43581fd0822a37c8ed09f05

Package: magrittr
Source: CRAN
Version: 1.5
Hash: bdc4d48c3135e8f3b399536ddf160df4

Package: memoise
Source: CRAN
Version: 1.1.0
Hash: 410fcd334bc626db100237cc1370f2e9
Requires: digest

Package: mime
Source: CRAN
Version: 0.6
Hash: 2ed8f98b8284ad733f3907fc6e2f1334

Package: munsell
Source: CRAN
Version: 0.5.0
Hash: 38d0efee9bb99bef143bde41c4ce715c
Requires: colorspace

Package: openssl
Source: CRAN
Version: 1.2.1
Hash: c3c2751a977ed402ec7a2a32698fb533
Requires: askpass

Package: packrat
Source: CRAN
Version: 0.5.0
Hash: 498643e765d1442ba7b1160a1df3abf9

Package: pillar
Source: CRAN
Version: 1.2.3
Hash: d3b1c0a6cf4b64212509130845c22e09
Requires: cli, crayon, rlang, utf8

Package: pkgbuild
Source: CRAN
Version: 1.0.2
Hash: 770e918f4c389e4fef9a891d043bf84f
Requires: R6, callr, cli, crayon, desc, prettyunits, rprojroot, withr

Package: pkgload
Source: CRAN
Version: 1.0.2
Hash: 41eb2db35be61f6f9e8864cf87a1ecb0
Requires: desc, pkgbuild, rlang, rprojroot, rstudioapi, withr

Package: plyr
Source: CRAN
Version: 1.8.4
Hash: c58ebd9ae0d41ad128635787a2832698
Requires: Rcpp

Package: praise
Source: CRAN
Version: 1.0.0
Hash: 77da8f1df873a4b91e5c4a68fe2fb1b6

Package: prettyunits
Source: CRAN
Version: 1.0.2
Hash: 49286102a855640daaa38eafe8b1ec30
Requires: assertthat, magrittr

Package: processx
Source: CRAN
Version: 3.2.1
Hash: fdc6a66626b75f96ee28ffc770d9ebd7
Requires: R6, ps

Package: ps
Source: CRAN
Version: 1.3.0
Hash: 1d4cae95887ffe5b1a22bea5994476cd

Package: rcmdcheck
Source: CRAN
Version: 1.3.2
Hash: 162a63e909423b7c5f44c30711135481
Requires: R6, callr, cli, crayon, desc, digest, pkgbuild, prettyunits,
    rprojroot, sessioninfo, withr, xopen

Package: remotes
Source: CRAN
Version: 2.0.2
Hash: cfcf5e119ed5e6af4b47530ba59101f3

Package: reshape2
Source: CRAN
Version: 1.4.3
Hash: f50582f9059ab381cd38dd02697d8a88
Requires: Rcpp, plyr, stringr

Package: rlang
Source: CRAN
Version: 0.2.2
Hash: 49b735b7b1d14f561d21cce12c6703df

Package: rprojroot
Source: CRAN
Version: 1.3-2
Hash: a25c3f70c166fb3fbabc410eb32b6366
Requires: backports

Package: rstudioapi
Source: CRAN
Version: 0.9.0
Hash: e5e648a0944df6ea634d8173d09e236f

Package: scales
Source: CRAN
Version: 0.5.0
Hash: e2809ccef9c824f0cb81a1cddbe542c7
Requires: R6, RColorBrewer, Rcpp, dichromat, labeling, munsell, plyr,
    viridisLite

Package: sessioninfo
Source: CRAN
Version: 1.1.1
Hash: 9e50c8458e611f166ba702277cbb5096
Requires: cli, withr

Package: stringi
Source: CRAN
Version: 1.2.3
Hash: bccbb90bf5e1c53f659359c06c0dde79

Package: stringr
Source: CRAN
Version: 1.3.1
Hash: 9f417a1d899ed1f080942ab36998e8b5
Requires: glue, magrittr, stringi

Package: sys
Source: CRAN
Version: 2.1
Hash: 5ce312d2f816b21f602cb81fe4659a0b

Package: testthat
Source: CRAN
Version: 2.0.0
Hash: 537114b476376c5773bf3c557f5bbd19
Requires: R6, cli, crayon, digest, magrittr, praise, rlang, withr

Package: tibble
Source: CRAN
Version: 1.4.2
Hash: 83895360ce4f8d2ce92eee00526b5b0b
Requires: cli, crayon, pillar, rlang

Package: usethis
Source: CRAN
Version: 1.4.0
Hash: bdf0ce7802818c5dfc592dd73d62db5b
Requires: clipr, clisymbols, crayon, curl, desc, fs, gh, git2r, glue,
    rlang, rprojroot, rstudioapi, whisker

Package: utf8
Source: CRAN
Version: 1.1.4
Hash: f3f97ce59092abc8ed3fd098a59e236c

Package: viridisLite
Source: CRAN
Version: 0.3.0
Hash: 78bb072c4f9e729a283d4c40ec93f9c6

Package: whisker
Source: CRAN
Version: 0.3-2
Hash: 803d662762e532705c2c066a82d066e7

Package: withr
Source: CRAN
Version: 2.1.2
Hash: d534108bcd5f34ec73e9eb523751ba20

Package: xopen
Source: CRAN
Version: 1.0.0
Hash: 22c2708f177f9fd9f8a52012bac61d6a
Requires: processx
